
Microsoft Visual Studio Solution File, Format Version 12.00
# Visual Studio 15
VisualStudioVersion = 15.0.28307.757
MinimumVisualStudioVersion = 10.0.40219.1
Project("{FAE04EC0-301F-11D3-BF4B-00C04F79EFBC}") = "Klarna", "Klarna\Klarna.csproj", "{40DA8A6A-D6D1-4998-95E1-53A7974AF800}"
EndProject
Project("{FAE04EC0-301F-11D3-BF4B-00C04F79EFBC}") = "KlaranDemo", "KlaranDemo\KlaranDemo.csproj", "{CC0FABA4-4B2A-48DE-811A-A0D7B3C693B1}"
EndProject
Project("{FAE04EC0-301F-11D3-BF4B-00C04F79EFBC}") = "VA.Services", "VA.Services\VA.Services.csproj", "{381C60B9-5D87-4C66-9041-430C9DD765A6}"
EndProject
Project("{FAE04EC0-301F-11D3-BF4B-00C04F79EFBC}") = "Klarna.Tests", "Klarna.Tests\Klarna.Tests.csproj", "{9383941C-2CF8-49F2-A75F-4E1F280C00CA}"
EndProject
Global
	GlobalSection(SolutionConfigurationPlatforms) = preSolution
		Debug|Any CPU = Debug|Any CPU
		Release|Any CPU = Release|Any CPU
	EndGlobalSection
	GlobalSection(ProjectConfigurationPlatforms) = postSolution
		{40DA8A6A-D6D1-4998-95E1-53A7974AF800}.Debug|Any CPU.ActiveCfg = Debug|Any CPU
		{40DA8A6A-D6D1-4998-95E1-53A7974AF800}.Debug|Any CPU.Build.0 = Debug|Any CPU
		{40DA8A6A-D6D1-4998-95E1-53A7974AF800}.Release|Any CPU.ActiveCfg = Release|Any CPU
		{40DA8A6A-D6D1-4998-95E1-53A7974AF800}.Release|Any CPU.Build.0 = Release|Any CPU
		{CC0FABA4-4B2A-48DE-811A-A0D7B3C693B1}.Debug|Any CPU.ActiveCfg = Debug|Any CPU
		{CC0FABA4-4B2A-48DE-811A-A0D7B3C693B1}.Debug|Any CPU.Build.0 = Debug|Any CPU
		{CC0FABA4-4B2A-48DE-811A-A0D7B3C693B1}.Release|Any CPU.ActiveCfg = Release|Any CPU
		{CC0FABA4-4B2A-48DE-811A-A0D7B3C693B1}.Release|Any CPU.Build.0 = Release|Any CPU
		{381C60B9-5D87-4C66-9041-430C9DD765A6}.Debug|Any CPU.ActiveCfg = Debug|Any CPU
		{381C60B9-5D87-4C66-9041-430C9DD765A6}.Debug|Any CPU.Build.0 = Debug|Any CPU
		{381C60B9-5D87-4C66-9041-430C9DD765A6}.Release|Any CPU.ActiveCfg = Release|Any CPU
		{381C60B9-5D87-4C66-9041-430C9DD765A6}.Release|Any CPU.Build.0 = Release|Any CPU
		{9383941C-2CF8-49F2-A75F-4E1F280C00CA}.Debug|Any CPU.ActiveCfg = Debug|Any CPU
		{9383941C-2CF8-49F2-A75F-4E1F280C00CA}.Debug|Any CPU.Build.0 = Debug|Any CPU
		{9383941C-2CF8-49F2-A75F-4E1F280C00CA}.Release|Any CPU.ActiveCfg = Release|Any CPU
		{9383941C-2CF8-49F2-A75F-4E1F280C00CA}.Release|Any CPU.Build.0 = Release|Any CPU
	EndGlobalSection
	GlobalSection(SolutionProperties) = preSolution
		HideSolutionNode = FALSE
	EndGlobalSection
	GlobalSection(ExtensibilityGlobals) = postSolution
		SolutionGuid = {32799241-CDC1-4F7A-A129-F0B3B2EA1E6D}
	EndGlobalSection
EndGlobal
